{
  "name": "lighthouse",
  "requires": true,
  "lockfileVersion": 1,
  "dependencies": {
    "debug": {
      "version": "2.6.9",
      "resolved": "https://registry.npmjs.org/debug/-/debug-2.6.9.tgz",
      "integrity": "sha512-bC7ElrdJaJnPbAP+1EotYvqZsb3ecl5wi6Bfi6BJTUcNowp6cvspg0jXznRTKDjm/E7AdgFBVeAPVMNcKGsHMA==",
      "requires": {
        "ms": "2.0.0"
      }
    },
    "harass": {
      "version": "0.0.1",
      "resolved": "https://registry.npmjs.org/harass/-/harass-0.0.1.tgz",
      "integrity": "sha512-nkFmDe4FlJE1MKrUBhiBUqqCmEjH717vKHSDGKPYTao5nUmsfw8bk4jBIAyklEnYKKMVCys6YFEwh/a53SyC/Q=="
    },
    "iconv-lite": {
      "version": "0.4.24",
      "resolved": "https://registry.npmjs.org/iconv-lite/-/iconv-lite-0.4.24.tgz",
      "integrity": "sha512-v3MXnZAcvnywkTUEZomIActle7RXXeedOR31wwl7VlyoXO4Qi9arvSenNQWne1TcRwhCL1HwLI21bEqdpj8/rA==",
      "requires": {
        "safer-buffer": ">= 2.1.2 < 3"
      }
    },
    "impede": {
      "version": "0.0.2",
      "resolved": "https://registry.npmjs.org/impede/-/impede-0.0.2.tgz",
      "integrity": "sha512-ThYV26bD32rpqicS+88eIpspXtI/w9gZaGvsDyjd3zMPF0KOD/MawAVy67FEMuNQjp9GhNgzl52SDTyCLG2Jxg=="
    },
    "ms": {
      "version": "2.0.0",
      "resolved": "https://registry.npmjs.org/ms/-/ms-2.0.0.tgz",
      "integrity": "sha1-VgiurfwAvmwpAd9fmGF4jeDVl8g="
    },
    "needle": {
      "version": "2.2.4",
      "resolved": "https://registry.npmjs.org/needle/-/needle-2.2.4.tgz",
      "integrity": "sha512-HyoqEb4wr/rsoaIDfTH2aVL9nWtQqba2/HvMv+++m8u0dz808MaagKILxtfeSN7QU7nvbQ79zk3vYOJp9zsNEA==",
      "requires": {
        "debug": "^2.1.2",
        "iconv-lite": "^0.4.4",
        "sax": "^1.2.4"
      }
    },
    "safer-buffer": {
      "version": "2.1.2",
      "resolved": "https://registry.npmjs.org/safer-buffer/-/safer-buffer-2.1.2.tgz",
      "integrity": "sha512-YZo3K82SD7Riyi0E1EQPojLz7kpepnSQI9IyPbHHg1XXXevb5dJI7tpyN2ADxGcQbHG7vcyRHk0cbwqcQriUtg=="
    },
    "sax": {
      "version": "1.2.4",
      "resolved": "https://registry.npmjs.org/sax/-/sax-1.2.4.tgz",
      "integrity": "sha512-NqVDv9TpANUjFm0N8uM5GxL36UgKi9/atZw+x7YFnQ8ckwFGKrl4xX4yWtrey3UJm5nP1kUbnYgLopqWNSRhWw=="
    },
    "taint": {
      "version": "0.0.1",
      "resolved": "https://registry.npmjs.org/taint/-/taint-0.0.1.tgz",
      "integrity": "sha512-8Vti6t/YV69eHZUizK5zeRbJ5h2I8a27vThYAlDXLoMXYhrxhWtPM9MGI8ru5GcP4bgW8Smf11oHzKIs4ZcTKQ=="
    },
    "typescript": {
      "version": "3.1.2",
      "resolved": "https://registry.npmjs.org/typescript/-/typescript-3.1.2.tgz",
      "integrity": "sha512-gOoGJWbNnFAfP9FlrSV63LYD5DJqYJHG5ky1kOXSl3pCImn4rqWy/flyq1BRd4iChQsoCqjbQaqtmXO4yCVPCA==",
      "dev": true
    }
  }
}
